
Microsoft Visual Studio Solution File, Format Version 12.00
# Visual Studio Version 17
VisualStudioVersion = 17.9.34723.18
MinimumVisualStudioVersion = 10.0.40219.1
Project("{FAE04EC0-301F-11D3-BF4B-00C04F79EFBC}") = "RepositoryPattern", "RepositoryPattern.csproj", "{81EC0420-0B85-4D0E-A917-7783CF3150FF}"
EndProject
Global
	GlobalSection(SolutionConfigurationPlatforms) = preSolution
		Debug|Any CPU = Debug|Any CPU
		Release|Any CPU = Release|Any CPU
	EndGlobalSection
	GlobalSection(ProjectConfigurationPlatforms) = postSolution
		{81EC0420-0B85-4D0E-A917-7783CF3150FF}.Debug|Any CPU.ActiveCfg = Debug|Any CPU
		{81EC0420-0B85-4D0E-A917-7783CF3150FF}.Debug|Any CPU.Build.0 = Debug|Any CPU
		{81EC0420-0B85-4D0E-A917-7783CF3150FF}.Release|Any CPU.ActiveCfg = Release|Any CPU
		{81EC0420-0B85-4D0E-A917-7783CF3150FF}.Release|Any CPU.Build.0 = Release|Any CPU
	EndGlobalSection
	GlobalSection(SolutionProperties) = preSolution
		HideSolutionNode = FALSE
	EndGlobalSection
	GlobalSection(ExtensibilityGlobals) = postSolution
		SolutionGuid = {0A018940-4339-463B-A166-70BE23C218A7}
	EndGlobalSection
EndGlobal
